
Microsoft Visual Studio Solution File, Format Version 12.00
# Visual Studio Version 17
VisualStudioVersion = 17.12.35521.163 d17.12
MinimumVisualStudioVersion = 10.0.40219.1
Project("{FAE04EC0-301F-11D3-BF4B-00C04F79EFBC}") = "nadoMolra", "nadoMolra\nadoMolra.csproj", "{550E3121-90CB-4C08-B1CF-686D0CC76792}"
EndProject
Project("{FAE04EC0-301F-11D3-BF4B-00C04F79EFBC}") = "TestNadoMolra", "TestNadoMolra\TestNadoMolra.csproj", "{4C05CA3F-4A2D-4042-8FC2-17FDA5D82F53}"
EndProject
Global
	GlobalSection(SolutionConfigurationPlatforms) = preSolution
		Debug|Any CPU = Debug|Any CPU
		Release|Any CPU = Release|Any CPU
	EndGlobalSection
	GlobalSection(ProjectConfigurationPlatforms) = postSolution
		{550E3121-90CB-4C08-B1CF-686D0CC76792}.Debug|Any CPU.ActiveCfg = Debug|Any CPU
		{550E3121-90CB-4C08-B1CF-686D0CC76792}.Debug|Any CPU.Build.0 = Debug|Any CPU
		{550E3121-90CB-4C08-B1CF-686D0CC76792}.Release|Any CPU.ActiveCfg = Release|Any CPU
		{550E3121-90CB-4C08-B1CF-686D0CC76792}.Release|Any CPU.Build.0 = Release|Any CPU
		{4C05CA3F-4A2D-4042-8FC2-17FDA5D82F53}.Debug|Any CPU.ActiveCfg = Debug|Any CPU
		{4C05CA3F-4A2D-4042-8FC2-17FDA5D82F53}.Debug|Any CPU.Build.0 = Debug|Any CPU
		{4C05CA3F-4A2D-4042-8FC2-17FDA5D82F53}.Release|Any CPU.ActiveCfg = Release|Any CPU
		{4C05CA3F-4A2D-4042-8FC2-17FDA5D82F53}.Release|Any CPU.Build.0 = Release|Any CPU
	EndGlobalSection
	GlobalSection(SolutionProperties) = preSolution
		HideSolutionNode = FALSE
	EndGlobalSection
EndGlobal
